
Microsoft Visual Studio Solution File, Format Version 12.00
# Visual Studio Version 17
VisualStudioVersion = 17.9.34723.18
MinimumVisualStudioVersion = 10.0.40219.1
Project("{9A19103F-16F7-4668-BE54-9A1E7A4F7556}") = "Test", "Test\Test.csproj", "{E3B7F985-8F0D-46C5-94B0-54D3F6B2543B}"
EndProject
Project("{9A19103F-16F7-4668-BE54-9A1E7A4F7556}") = "Entidades", "..\Entidades\Entidades\Entidades.csproj", "{DD1BCAC7-6103-494C-B597-01EEBE4601EE}"
EndProject
Global
	GlobalSection(SolutionConfigurationPlatforms) = preSolution
		Debug|Any CPU = Debug|Any CPU
		Release|Any CPU = Release|Any CPU
	EndGlobalSection
	GlobalSection(ProjectConfigurationPlatforms) = postSolution
		{E3B7F985-8F0D-46C5-94B0-54D3F6B2543B}.Debug|Any CPU.ActiveCfg = Debug|Any CPU
		{E3B7F985-8F0D-46C5-94B0-54D3F6B2543B}.Debug|Any CPU.Build.0 = Debug|Any CPU
		{E3B7F985-8F0D-46C5-94B0-54D3F6B2543B}.Release|Any CPU.ActiveCfg = Release|Any CPU
		{E3B7F985-8F0D-46C5-94B0-54D3F6B2543B}.Release|Any CPU.Build.0 = Release|Any CPU
		{DD1BCAC7-6103-494C-B597-01EEBE4601EE}.Debug|Any CPU.ActiveCfg = Debug|Any CPU
		{DD1BCAC7-6103-494C-B597-01EEBE4601EE}.Debug|Any CPU.Build.0 = Debug|Any CPU
		{DD1BCAC7-6103-494C-B597-01EEBE4601EE}.Release|Any CPU.ActiveCfg = Release|Any CPU
		{DD1BCAC7-6103-494C-B597-01EEBE4601EE}.Release|Any CPU.Build.0 = Release|Any CPU
	EndGlobalSection
	GlobalSection(SolutionProperties) = preSolution
		HideSolutionNode = FALSE
	EndGlobalSection
	GlobalSection(ExtensibilityGlobals) = postSolution
		SolutionGuid = {63389540-23EC-4D6F-BDC6-3190C0AA5AC3}
	EndGlobalSection
EndGlobal
